hash: 092a98f6f8d3698c1f91f23c3e5382c2ce8c3062fad45ea814e65c8bd96b8004
updated: 2021-01-22T12:05:47.685388407+05:45
imports:
- name: github.com/dgrijalva/jwt-go
  version: dc14462fd58732591c7fa58cc8496d6824316a82
- name: github.com/google/uuid
  version: b5d0d36c983b13c35a93a356a9d2c14da0a1c3ab
- name: github.com/gorilla/mux
  version: d07530f46e1eec4e40346e24af34dcc6750ad39f
- name: github.com/jinzhu/gorm
  version: 466b344ff5924029ad8426073ba5064093e18a22
- name: github.com/jinzhu/inflection
  version: b5281034e75ed100658f8d9d0b2837f3fad4e8b3
- name: github.com/joho/godotenv
  version: f562099a4320c6cf2a806734921872cbe57ad585
- name: github.com/lib/pq
  version: 4604d39ddc9f62e2ca152114c73aec99b77a3468
  subpackages:
  - oid
  - scram
- name: golang.org/x/crypto
  version: eec23a3978adcfd26c29f4153eaa3e3d9b2cc53a
  subpackages:
  - bcrypt
  - blowfish
testImports: []
